Microsoft Visual Studio Solution File, Format Version 12.00
# Visual Studio Version 17
VisualStudioVersion = 17.5.2.0
MinimumVisualStudioVersion = 10.0.40219.1
Project("{FAE04EC0-301F-11D3-BF4B-00C04F79EFBC}") = "CarCostCalculator", "CarCostCalculator.csproj", "{951824B2-8F4B-3EFD-FFBA-5ABB7E38B090}"
EndProject
Global
	GlobalSection(SolutionConfigurationPlatforms) = preSolution
		Debug|Any CPU = Debug|Any CPU
		Release|Any CPU = Release|Any CPU
	EndGlobalSection
	GlobalSection(ProjectConfigurationPlatforms) = postSolution
		{951824B2-8F4B-3EFD-FFBA-5ABB7E38B090}.Debug|Any CPU.ActiveCfg = Debug|Any CPU
		{951824B2-8F4B-3EFD-FFBA-5ABB7E38B090}.Debug|Any CPU.Build.0 = Debug|Any CPU
		{951824B2-8F4B-3EFD-FFBA-5ABB7E38B090}.Release|Any CPU.ActiveCfg = Release|Any CPU
		{951824B2-8F4B-3EFD-FFBA-5ABB7E38B090}.Release|Any CPU.Build.0 = Release|Any CPU
	EndGlobalSection
	GlobalSection(SolutionProperties) = preSolution
		HideSolutionNode = FALSE
	EndGlobalSection
	GlobalSection(ExtensibilityGlobals) = postSolution
		SolutionGuid = {E71C5AC7-E4A0-4429-8E44-C30A0849A588}
	EndGlobalSection
EndGlobal
