Microsoft Visual Studio Solution File, Format Version 12.00
# Visual Studio Version 17
VisualStudioVersion = 17.5.2.0
MinimumVisualStudioVersion = 10.0.40219.1
Project("{FAE04EC0-301F-11D3-BF4B-00C04F79EFBC}") = "OperatorsAssignmentSubmission", "OperatorsAssignmentSubmission.csproj", "{F5CDA7FF-4E72-D194-49C7-F43E0D123A1F}"
EndProject
Global
	GlobalSection(SolutionConfigurationPlatforms) = preSolution
		Debug|Any CPU = Debug|Any CPU
		Release|Any CPU = Release|Any CPU
	EndGlobalSection
	GlobalSection(ProjectConfigurationPlatforms) = postSolution
		{F5CDA7FF-4E72-D194-49C7-F43E0D123A1F}.Debug|Any CPU.ActiveCfg = Debug|Any CPU
		{F5CDA7FF-4E72-D194-49C7-F43E0D123A1F}.Debug|Any CPU.Build.0 = Debug|Any CPU
		{F5CDA7FF-4E72-D194-49C7-F43E0D123A1F}.Release|Any CPU.ActiveCfg = Release|Any CPU
		{F5CDA7FF-4E72-D194-49C7-F43E0D123A1F}.Release|Any CPU.Build.0 = Release|Any CPU
	EndGlobalSection
	GlobalSection(SolutionProperties) = preSolution
		HideSolutionNode = FALSE
	EndGlobalSection
	GlobalSection(ExtensibilityGlobals) = postSolution
		SolutionGuid = {B1E28358-F492-49C8-AD56-7CA1A5391F67}
	EndGlobalSection
EndGlobal
