Microsoft Visual Studio Solution File, Format Version 12.00
# Visual Studio Version 17
VisualStudioVersion = 17.5.2.0
MinimumVisualStudioVersion = 10.0.40219.1
Project("{FAE04EC0-301F-11D3-BF4B-00C04F79EFBC}") = "PolymorphismAssignmentSubmission", "PolymorphismAssignmentSubmission.csproj", "{BB267A29-EF1D-6C06-83E5-7A0D1B983E19}"
EndProject
Global
	GlobalSection(SolutionConfigurationPlatforms) = preSolution
		Debug|Any CPU = Debug|Any CPU
		Release|Any CPU = Release|Any CPU
	EndGlobalSection
	GlobalSection(ProjectConfigurationPlatforms) = postSolution
		{BB267A29-EF1D-6C06-83E5-7A0D1B983E19}.Debug|Any CPU.ActiveCfg = Debug|Any CPU
		{BB267A29-EF1D-6C06-83E5-7A0D1B983E19}.Debug|Any CPU.Build.0 = Debug|Any CPU
		{BB267A29-EF1D-6C06-83E5-7A0D1B983E19}.Release|Any CPU.ActiveCfg = Release|Any CPU
		{BB267A29-EF1D-6C06-83E5-7A0D1B983E19}.Release|Any CPU.Build.0 = Release|Any CPU
	EndGlobalSection
	GlobalSection(SolutionProperties) = preSolution
		HideSolutionNode = FALSE
	EndGlobalSection
	GlobalSection(ExtensibilityGlobals) = postSolution
		SolutionGuid = {E07B04B6-256A-4C8F-B56F-13B57525BBD0}
	EndGlobalSection
EndGlobal
