Microsoft Visual Studio Solution File, Format Version 12.00
# Visual Studio Version 17
VisualStudioVersion = 17.5.2.0
MinimumVisualStudioVersion = 10.0.40219.1
Project("{FAE04EC0-301F-11D3-BF4B-00C04F79EFBC}") = "MainMethodAssignmentSubmission", "MainMethodAssignmentSubmission.csproj", "{870064DB-2969-15D8-385F-EE61C4A008D1}"
EndProject
Global
	GlobalSection(SolutionConfigurationPlatforms) = preSolution
		Debug|Any CPU = Debug|Any CPU
		Release|Any CPU = Release|Any CPU
	EndGlobalSection
	GlobalSection(ProjectConfigurationPlatforms) = postSolution
		{870064DB-2969-15D8-385F-EE61C4A008D1}.Debug|Any CPU.ActiveCfg = Debug|Any CPU
		{870064DB-2969-15D8-385F-EE61C4A008D1}.Debug|Any CPU.Build.0 = Debug|Any CPU
		{870064DB-2969-15D8-385F-EE61C4A008D1}.Release|Any CPU.ActiveCfg = Release|Any CPU
		{870064DB-2969-15D8-385F-EE61C4A008D1}.Release|Any CPU.Build.0 = Release|Any CPU
	EndGlobalSection
	GlobalSection(SolutionProperties) = preSolution
		HideSolutionNode = FALSE
	EndGlobalSection
	GlobalSection(ExtensibilityGlobals) = postSolution
		SolutionGuid = {260FC4D3-B074-4EEC-A2A4-9BB76FA73F1F}
	EndGlobalSection
EndGlobal
